
Microsoft Visual Studio Solution File, Format Version 12.00
# Visual Studio Version 17
VisualStudioVersion = 17.0.32014.148
MinimumVisualStudioVersion = 10.0.40219.1
Project("{6EC3EE1D-3C4E-46DD-8F32-0CC8E7565705}") = "CompExpr", "CompExpr\CompExpr.fsproj", "{8AA51F11-B4DE-4CC4-9B50-7C6EC1A820B3}"
EndProject
Project("{6EC3EE1D-3C4E-46DD-8F32-0CC8E7565705}") = "CompExpr.Tests", "CompExpr.Tests\CompExpr.Tests.fsproj", "{DDA2E8A3-4798-48F0-8D40-F4FE25AA36CF}"
EndProject
Project("{2150E333-8FDC-42A3-9474-1A3956D46DE8}") = "Solution Items", "Solution Items", "{20257538-4FA0-480B-857B-F7D8DE16366E}"
	ProjectSection(SolutionItems) = preProject
		.editorconfig = .editorconfig
		Directory.Build.props = Directory.Build.props
		global.json = global.json
	EndProjectSection
EndProject
Project("{F2A71F9B-5D33-465A-A702-920D77279786}") = "CompExpr.Tool", "CompExpr.Tool\CompExpr.Tool.fsproj", "{5CF07A8B-9296-4FD7-B97E-ABC11601DCFD}"
EndProject
Project("{F2A71F9B-5D33-465A-A702-920D77279786}") = "CompExpr.Api", "CompExpr.Api\CompExpr.Api.fsproj", "{799A85B6-549F-4A08-85B6-2B5EB4BA341F}"
EndProject
Global
	GlobalSection(SolutionConfigurationPlatforms) = preSolution
		Debug|Any CPU = Debug|Any CPU
		Release|Any CPU = Release|Any CPU
	EndGlobalSection
	GlobalSection(ProjectConfigurationPlatforms) = postSolution
		{8AA51F11-B4DE-4CC4-9B50-7C6EC1A820B3}.Debug|Any CPU.ActiveCfg = Debug|Any CPU
		{8AA51F11-B4DE-4CC4-9B50-7C6EC1A820B3}.Debug|Any CPU.Build.0 = Debug|Any CPU
		{8AA51F11-B4DE-4CC4-9B50-7C6EC1A820B3}.Release|Any CPU.ActiveCfg = Release|Any CPU
		{8AA51F11-B4DE-4CC4-9B50-7C6EC1A820B3}.Release|Any CPU.Build.0 = Release|Any CPU
		{DDA2E8A3-4798-48F0-8D40-F4FE25AA36CF}.Debug|Any CPU.ActiveCfg = Debug|Any CPU
		{DDA2E8A3-4798-48F0-8D40-F4FE25AA36CF}.Debug|Any CPU.Build.0 = Debug|Any CPU
		{DDA2E8A3-4798-48F0-8D40-F4FE25AA36CF}.Release|Any CPU.ActiveCfg = Release|Any CPU
		{DDA2E8A3-4798-48F0-8D40-F4FE25AA36CF}.Release|Any CPU.Build.0 = Release|Any CPU
		{5CF07A8B-9296-4FD7-B97E-ABC11601DCFD}.Debug|Any CPU.ActiveCfg = Debug|Any CPU
		{5CF07A8B-9296-4FD7-B97E-ABC11601DCFD}.Debug|Any CPU.Build.0 = Debug|Any CPU
		{5CF07A8B-9296-4FD7-B97E-ABC11601DCFD}.Release|Any CPU.ActiveCfg = Release|Any CPU
		{5CF07A8B-9296-4FD7-B97E-ABC11601DCFD}.Release|Any CPU.Build.0 = Release|Any CPU
		{799A85B6-549F-4A08-85B6-2B5EB4BA341F}.Debug|Any CPU.ActiveCfg = Debug|Any CPU
		{799A85B6-549F-4A08-85B6-2B5EB4BA341F}.Debug|Any CPU.Build.0 = Debug|Any CPU
		{799A85B6-549F-4A08-85B6-2B5EB4BA341F}.Release|Any CPU.ActiveCfg = Release|Any CPU
		{799A85B6-549F-4A08-85B6-2B5EB4BA341F}.Release|Any CPU.Build.0 = Release|Any CPU
	EndGlobalSection
	GlobalSection(SolutionProperties) = preSolution
		HideSolutionNode = FALSE
	EndGlobalSection
	GlobalSection(ExtensibilityGlobals) = postSolution
		SolutionGuid = {71982AF9-C3AA-45CE-BD22-4422CCF8B647}
	EndGlobalSection
EndGlobal
